
Microsoft Visual Studio Solution File, Format Version 12.00
# Visual Studio Version 16
VisualStudioVersion = 16.0.30523.141
MinimumVisualStudioVersion = 10.0.40219.1
Project("{FAE04EC0-301F-11D3-BF4B-00C04F79EFBC}") = "Curs3_exercitiu1", "Curs3_exercitiu1.csproj", "{5888E659-27A1-4672-A84F-918D317ECB79}"
EndProject
Global
	GlobalSection(SolutionConfigurationPlatforms) = preSolution
		Debug|Any CPU = Debug|Any CPU
		Release|Any CPU = Release|Any CPU
	EndGlobalSection
	GlobalSection(ProjectConfigurationPlatforms) = postSolution
		{5888E659-27A1-4672-A84F-918D317ECB79}.Debug|Any CPU.ActiveCfg = Debug|Any CPU
		{5888E659-27A1-4672-A84F-918D317ECB79}.Debug|Any CPU.Build.0 = Debug|Any CPU
		{5888E659-27A1-4672-A84F-918D317ECB79}.Release|Any CPU.ActiveCfg = Release|Any CPU
		{5888E659-27A1-4672-A84F-918D317ECB79}.Release|Any CPU.Build.0 = Release|Any CPU
	EndGlobalSection
	GlobalSection(SolutionProperties) = preSolution
		HideSolutionNode = FALSE
	EndGlobalSection
	GlobalSection(ExtensibilityGlobals) = postSolution
		SolutionGuid = {1174AA45-0A00-47DF-9B8E-0AD3F726F2DB}
	EndGlobalSection
EndGlobal
