
Microsoft Visual Studio Solution File, Format Version 12.00
# Visual Studio Version 16
VisualStudioVersion = 16.0.30523.141
MinimumVisualStudioVersion = 10.0.40219.1
Project("{FAE04EC0-301F-11D3-BF4B-00C04F79EFBC}") = "Curs4_constructori", "Curs4_constructori.csproj", "{BCB7CE9C-073C-4476-9F6E-CA3C11D928A0}"
EndProject
Global
	GlobalSection(SolutionConfigurationPlatforms) = preSolution
		Debug|Any CPU = Debug|Any CPU
		Release|Any CPU = Release|Any CPU
	EndGlobalSection
	GlobalSection(ProjectConfigurationPlatforms) = postSolution
		{BCB7CE9C-073C-4476-9F6E-CA3C11D928A0}.Debug|Any CPU.ActiveCfg = Debug|Any CPU
		{BCB7CE9C-073C-4476-9F6E-CA3C11D928A0}.Debug|Any CPU.Build.0 = Debug|Any CPU
		{BCB7CE9C-073C-4476-9F6E-CA3C11D928A0}.Release|Any CPU.ActiveCfg = Release|Any CPU
		{BCB7CE9C-073C-4476-9F6E-CA3C11D928A0}.Release|Any CPU.Build.0 = Release|Any CPU
	EndGlobalSection
	GlobalSection(SolutionProperties) = preSolution
		HideSolutionNode = FALSE
	EndGlobalSection
	GlobalSection(ExtensibilityGlobals) = postSolution
		SolutionGuid = {E549D5DC-829D-407B-AAAD-52BDA7AC1DC9}
	EndGlobalSection
EndGlobal
