
Microsoft Visual Studio Solution File, Format Version 12.00
# Visual Studio Version 16
VisualStudioVersion = 16.0.30503.244
MinimumVisualStudioVersion = 10.0.40219.1
Project("{FAE04EC0-301F-11D3-BF4B-00C04F79EFBC}") = "Flow_1", "Flow_1.csproj", "{ABAAD80A-FAA4-4C4C-BF3A-CB082280A8EB}"
EndProject
Global
	GlobalSection(SolutionConfigurationPlatforms) = preSolution
		Debug|Any CPU = Debug|Any CPU
		Release|Any CPU = Release|Any CPU
	EndGlobalSection
	GlobalSection(ProjectConfigurationPlatforms) = postSolution
		{ABAAD80A-FAA4-4C4C-BF3A-CB082280A8EB}.Debug|Any CPU.ActiveCfg = Debug|Any CPU
		{ABAAD80A-FAA4-4C4C-BF3A-CB082280A8EB}.Debug|Any CPU.Build.0 = Debug|Any CPU
		{ABAAD80A-FAA4-4C4C-BF3A-CB082280A8EB}.Release|Any CPU.ActiveCfg = Release|Any CPU
		{ABAAD80A-FAA4-4C4C-BF3A-CB082280A8EB}.Release|Any CPU.Build.0 = Release|Any CPU
	EndGlobalSection
	GlobalSection(SolutionProperties) = preSolution
		HideSolutionNode = FALSE
	EndGlobalSection
	GlobalSection(ExtensibilityGlobals) = postSolution
		SolutionGuid = {BE3FB2F6-0A47-4BF5-BBC2-7EC29AEA1C6B}
	EndGlobalSection
EndGlobal
