
Microsoft Visual Studio Solution File, Format Version 12.00
# Visual Studio Version 16
VisualStudioVersion = 16.0.30523.141
MinimumVisualStudioVersion = 10.0.40219.1
Project("{FAE04EC0-301F-11D3-BF4B-00C04F79EFBC}") = "SplitContainer", "SplitContainer.csproj", "{D70CDE76-2068-488E-AAA9-BB8917D970F7}"
EndProject
Global
	GlobalSection(SolutionConfigurationPlatforms) = preSolution
		Debug|Any CPU = Debug|Any CPU
		Release|Any CPU = Release|Any CPU
	EndGlobalSection
	GlobalSection(ProjectConfigurationPlatforms) = postSolution
		{D70CDE76-2068-488E-AAA9-BB8917D970F7}.Debug|Any CPU.ActiveCfg = Debug|Any CPU
		{D70CDE76-2068-488E-AAA9-BB8917D970F7}.Debug|Any CPU.Build.0 = Debug|Any CPU
		{D70CDE76-2068-488E-AAA9-BB8917D970F7}.Release|Any CPU.ActiveCfg = Release|Any CPU
		{D70CDE76-2068-488E-AAA9-BB8917D970F7}.Release|Any CPU.Build.0 = Release|Any CPU
	EndGlobalSection
	GlobalSection(SolutionProperties) = preSolution
		HideSolutionNode = FALSE
	EndGlobalSection
	GlobalSection(ExtensibilityGlobals) = postSolution
		SolutionGuid = {A5B8BB4E-F0BC-4C1A-B628-F2DAE3D980AF}
	EndGlobalSection
EndGlobal
