
Microsoft Visual Studio Solution File, Format Version 12.00
# Visual Studio Version 16
VisualStudioVersion = 16.0.30503.244
MinimumVisualStudioVersion = 10.0.40219.1
Project("{FAE04EC0-301F-11D3-BF4B-00C04F79EFBC}") = "Flow_3", "Flow_3.csproj", "{3853ABCA-CB79-4A75-8D8D-48DDCC5C9C7E}"
EndProject
Global
	GlobalSection(SolutionConfigurationPlatforms) = preSolution
		Debug|Any CPU = Debug|Any CPU
		Release|Any CPU = Release|Any CPU
	EndGlobalSection
	GlobalSection(ProjectConfigurationPlatforms) = postSolution
		{3853ABCA-CB79-4A75-8D8D-48DDCC5C9C7E}.Debug|Any CPU.ActiveCfg = Debug|Any CPU
		{3853ABCA-CB79-4A75-8D8D-48DDCC5C9C7E}.Debug|Any CPU.Build.0 = Debug|Any CPU
		{3853ABCA-CB79-4A75-8D8D-48DDCC5C9C7E}.Release|Any CPU.ActiveCfg = Release|Any CPU
		{3853ABCA-CB79-4A75-8D8D-48DDCC5C9C7E}.Release|Any CPU.Build.0 = Release|Any CPU
	EndGlobalSection
	GlobalSection(SolutionProperties) = preSolution
		HideSolutionNode = FALSE
	EndGlobalSection
	GlobalSection(ExtensibilityGlobals) = postSolution
		SolutionGuid = {3FE028B8-5A30-48BC-8895-BB7437CC8557}
	EndGlobalSection
EndGlobal
